{
  "name": "maiya_roast_ui",
  "lockfileVersion": 3,
  "requires": true,
  "packages": {
    "": {
      "dependencies": {
        "@dcloudio/uni-ui": "^1.5.7",
        "@hyoga/uni-socket.io": "^3.0.4",
        "lottie-web": "^5.12.2",
        "uview-ui": "^2.0.37"
      }
    },
    "node_modules/@dcloudio/uni-ui": {
      "version": "1.5.7",
      "resolved": "https://mirrors.cloud.tencent.com/npm/@dcloudio/uni-ui/-/uni-ui-1.5.7.tgz",
      "integrity": "sha512-DugxSIrQrze1FLdUOj9a+JEQ0bHGjnJTcGUK1mN/MivKg7nuKJBRWk5Ipa9sUdoBznX6ndz5h2e7Uao6x1CdCw==",
      "license": "Apache-2.0"
    },
    "node_modules/@hyoga/uni-socket.io": {
      "version": "3.0.4",
      "resolved": "https://mirrors.cloud.tencent.com/npm/@hyoga/uni-socket.io/-/uni-socket.io-3.0.4.tgz",
      "integrity": "sha512-m04M/ALXpTWcKoJGPDMzJosmzuopyAXF51DFN/qxLyXnbCFeQwsWOXT/XNLl4aWoBVGwQ7IptECFFRCA6z5C8A==",
      "license": "MIT"
    },
    "node_modules/lottie-web": {
      "version": "5.12.2",
      "resolved": "https://mirrors.cloud.tencent.com/npm/lottie-web/-/lottie-web-5.12.2.tgz",
      "integrity": "sha512-uvhvYPC8kGPjXT3MyKMrL3JitEAmDMp30lVkuq/590Mw9ok6pWcFCwXJveo0t5uqYw1UREQHofD+jVpdjBv8wg==",
      "license": "MIT"
    },
    "node_modules/uview-ui": {
      "version": "2.0.37",
      "resolved": "https://mirrors.cloud.tencent.com/npm/uview-ui/-/uview-ui-2.0.37.tgz",
      "integrity": "sha512-iBcWNmQa01Wr+z004G6XIVPDctOrJIAx7LObQceUAPxZh6kJYjIOAMp5JE1K4VpoMV5bKYDpCd0gmX+M4nTEQQ==",
      "engines": {
        "HBuilderX": "^3.1.0"
      }
    }
  }
}
